# This file was autogenerated by Stack.
# You should not edit this file by hand.
# For more information, please see the documentation at:
#   https://docs.haskellstack.org/en/stable/lock_files

packages:
- completed:
    hackage: gloss-1.13.1.2@sha256:25badaef6c8bfe92605310f9810be94074bdc63f00ffa7c85bf4c93825ba8e6b,4104
    pantry-tree:
      size: 3807
      sha256: 926a8265fd7a696f8784a7cfc9d638f51edee1aebacb19bda7f71dc5dfbaeee0
  original:
    hackage: gloss-1.13.1.2
- completed:
    hackage: random-shuffle-0.0.4@sha256:d0b9783c30208d1ce05caa05139fb00372802edb6c678b73d61b5eb4eebb3aba,818
    pantry-tree:
      size: 226
      sha256: e6e1c894e726443bc7165618de6745812610e70f0df22dbe5c130bafee2c507b
  original:
    hackage: random-shuffle-0.0.4
- completed:
    hackage: persistent-equivalence-0.3@sha256:3bdcb708ea3bf57270df48b1bae8c6837aee3eef0fdcd63fd0fd2c9bb17e9d54,1528
    pantry-tree:
      size: 237
      sha256: c3eb2f45af27a6655f5caa052a53b97bc26fe62cff8b2aad26344b2f02ecf009
  original:
    hackage: persistent-equivalence-0.3
snapshots:
- completed:
    size: 532177
    url: https://raw.githubusercontent.com/commercialhaskell/stackage-snapshots/master/lts/16/20.yaml
    sha256: 0e14ba5603f01e8496e8984fd84b545a012ca723f51a098c6c9d3694e404dc6d
  original:
    url: https://raw.githubusercontent.com/commercialhaskell/stackage-snapshots/master/lts/16/20.yaml
